{
  "requires": true,
  "lockfileVersion": 1,
  "dependencies": {
    "opentype.js": {
      "version": "0.7.3",
      "resolved": "https://registry.npmjs.org/opentype.js/-/opentype.js-0.7.3.tgz",
      "integrity": "sha1-QPuM4Yv9YOdESO/f5EKDQJg5eqs=",
      "requires": {
        "tiny-inflate": "^1.0.2"
      }
    },
    "svg-captcha": {
      "version": "1.4.0",
      "resolved": "https://registry.npmjs.org/svg-captcha/-/svg-captcha-1.4.0.tgz",
      "integrity": "sha512-/fkkhavXPE57zRRCjNqAP3txRCSncpMx3NnNZL7iEoyAtYwUjPhJxW6FQTQPG5UPEmCrbFoXS10C3YdJlW7PDg==",
      "requires": {
        "opentype.js": "^0.7.3"
      }
    },
    "tiny-inflate": {
      "version": "1.0.3",
      "resolved": "https://registry.npmjs.org/tiny-inflate/-/tiny-inflate-1.0.3.tgz",
      "integrity": "sha512-pkY1fj1cKHb2seWDy0B16HeWyczlJA9/WW3u3c4z/NiWDsO3DOU5D7nhTLE9CF0yXv/QZFY7sEJmj24dK+Rrqw=="
    }
  }
}
